
Microsoft Visual Studio Solution File, Format Version 12.00
# Visual Studio Version 17
VisualStudioVersion = 17.3.32929.385
MinimumVisualStudioVersion = 10.0.40219.1
Project("{9A19103F-16F7-4668-BE54-9A1E7A4F7556}") = "DemoApp.Api", "DemoApp.Api\DemoApp.Api.csproj", "{8C9821E3-892D-4A48-8E09-DD841F5D65EE}"
EndProject
Project("{E53339B2-1760-4266-BCC7-CA923CBCF16C}") = "docker-compose", "docker-compose.dcproj", "{1D588570-18AC-434C-A5C1-429B0C466D2B}"
EndProject
Global
	GlobalSection(SolutionConfigurationPlatforms) = preSolution
		Debug|Any CPU = Debug|Any CPU
		Release|Any CPU = Release|Any CPU
	EndGlobalSection
	GlobalSection(ProjectConfigurationPlatforms) = postSolution
		{8C9821E3-892D-4A48-8E09-DD841F5D65EE}.Debug|Any CPU.ActiveCfg = Debug|Any CPU
		{8C9821E3-892D-4A48-8E09-DD841F5D65EE}.Debug|Any CPU.Build.0 = Debug|Any CPU
		{8C9821E3-892D-4A48-8E09-DD841F5D65EE}.Release|Any CPU.ActiveCfg = Release|Any CPU
		{8C9821E3-892D-4A48-8E09-DD841F5D65EE}.Release|Any CPU.Build.0 = Release|Any CPU
		{1D588570-18AC-434C-A5C1-429B0C466D2B}.Debug|Any CPU.ActiveCfg = Debug|Any CPU
		{1D588570-18AC-434C-A5C1-429B0C466D2B}.Debug|Any CPU.Build.0 = Debug|Any CPU
		{1D588570-18AC-434C-A5C1-429B0C466D2B}.Release|Any CPU.ActiveCfg = Release|Any CPU
		{1D588570-18AC-434C-A5C1-429B0C466D2B}.Release|Any CPU.Build.0 = Release|Any CPU
	EndGlobalSection
	GlobalSection(SolutionProperties) = preSolution
		HideSolutionNode = FALSE
	EndGlobalSection
	GlobalSection(ExtensibilityGlobals) = postSolution
		SolutionGuid = {711F9B17-A42C-4FCA-A660-7D7E4FCA21FC}
	EndGlobalSection
EndGlobal
